
Microsoft Visual Studio Solution File, Format Version 12.00
# Visual Studio Version 17
VisualStudioVersion = 17.12.35527.113 d17.12
MinimumVisualStudioVersion = 10.0.40219.1
Project("{FAE04EC0-301F-11D3-BF4B-00C04F79EFBC}") = "Formsy", "Formsy\Formsy.csproj", "{FBDF0D25-049E-4B25-BF77-6790CBE6CE85}"
EndProject
Global
	GlobalSection(SolutionConfigurationPlatforms) = preSolution
		Debug|Any CPU = Debug|Any CPU
		Release|Any CPU = Release|Any CPU
	EndGlobalSection
	GlobalSection(ProjectConfigurationPlatforms) = postSolution
		{FBDF0D25-049E-4B25-BF77-6790CBE6CE85}.Debug|Any CPU.ActiveCfg = Debug|Any CPU
		{FBDF0D25-049E-4B25-BF77-6790CBE6CE85}.Debug|Any CPU.Build.0 = Debug|Any CPU
		{FBDF0D25-049E-4B25-BF77-6790CBE6CE85}.Release|Any CPU.ActiveCfg = Release|Any CPU
		{FBDF0D25-049E-4B25-BF77-6790CBE6CE85}.Release|Any CPU.Build.0 = Release|Any CPU
	EndGlobalSection
	GlobalSection(SolutionProperties) = preSolution
		HideSolutionNode = FALSE
	EndGlobalSection
EndGlobal
